
Microsoft Visual Studio Solution File, Format Version 12.00
# Visual Studio 15
VisualStudioVersion = 15.0.28307.102
MinimumVisualStudioVersion = 10.0.40219.1
Project("{888888A0-9F3D-457C-B088-3A5042F75D52}") = "Lab4", "Lab4\Lab4.pyproj", "{FD2D515D-0CB7-4F7A-8C4B-E2400F16042A}"
EndProject
Global
	GlobalSection(SolutionConfigurationPlatforms) = preSolution
		Debug|Any CPU = Debug|Any CPU
		Release|Any CPU = Release|Any CPU
	EndGlobalSection
	GlobalSection(ProjectConfigurationPlatforms) = postSolution
		{FD2D515D-0CB7-4F7A-8C4B-E2400F16042A}.Debug|Any CPU.ActiveCfg = Debug|Any CPU
		{FD2D515D-0CB7-4F7A-8C4B-E2400F16042A}.Release|Any CPU.ActiveCfg = Release|Any CPU
	EndGlobalSection
	GlobalSection(SolutionProperties) = preSolution
		HideSolutionNode = FALSE
	EndGlobalSection
	GlobalSection(ExtensibilityGlobals) = postSolution
		SolutionGuid = {1F640CCF-FAE2-44AE-967C-AE19B04F3C96}
	EndGlobalSection
EndGlobal
